
Microsoft Visual Studio Solution File, Format Version 12.00
# Visual Studio Version 17
VisualStudioVersion = 17.7.34221.43
MinimumVisualStudioVersion = 10.0.40219.1
Project("{FAE04EC0-301F-11D3-BF4B-00C04F79EFBC}") = "Cert2", "Cert2\Cert2.csproj", "{4D0D4BF6-EB6D-4770-A1E5-7EB986A4FA10}"
EndProject
Global
	GlobalSection(SolutionConfigurationPlatforms) = preSolution
		Debug|Any CPU = Debug|Any CPU
		Release|Any CPU = Release|Any CPU
	EndGlobalSection
	GlobalSection(ProjectConfigurationPlatforms) = postSolution
		{4D0D4BF6-EB6D-4770-A1E5-7EB986A4FA10}.Debug|Any CPU.ActiveCfg = Debug|Any CPU
		{4D0D4BF6-EB6D-4770-A1E5-7EB986A4FA10}.Debug|Any CPU.Build.0 = Debug|Any CPU
		{4D0D4BF6-EB6D-4770-A1E5-7EB986A4FA10}.Release|Any CPU.ActiveCfg = Release|Any CPU
		{4D0D4BF6-EB6D-4770-A1E5-7EB986A4FA10}.Release|Any CPU.Build.0 = Release|Any CPU
	EndGlobalSection
	GlobalSection(SolutionProperties) = preSolution
		HideSolutionNode = FALSE
	EndGlobalSection
	GlobalSection(ExtensibilityGlobals) = postSolution
		SolutionGuid = {1F90C450-EB77-4AAB-B9A1-150FC1240345}
	EndGlobalSection
EndGlobal
